<?xml version="1.0" encoding="utf-8"?>
<Project ToolsVersion="4.0" xmlns="http://schemas.microsoft.com/developer/msbuild/2003">
  <ItemGroup>
    <Filter Include="소스 파일">
      <UniqueIdentifier>{4FC737F1-C7A5-4376-A066-2A32D752A2FF}</UniqueIdentifier>
      <Extensions>cpp;c;cc;cxx;c++;cppm;ixx;def;odl;idl;hpj;bat;asm;asmx</Extensions>
    </Filter>
    <Filter Include="리소스 파일">
      <UniqueIdentifier>{67DA6AB6-F800-4c08-8B7A-83BB121AAD01}</UniqueIdentifier>
      <Extensions>rc;ico;cur;bmp;dlg;rc2;rct;bin;rgs;gif;jpg;jpeg;jpe;resx;tiff;tif;png;wav;mfcribbon-ms</Extensions>
    </Filter>
    <Filter Include="Renderer">
      <UniqueIdentifier>{826ea573-b0b6-4802-b450-85365c51205b}</UniqueIdentifier>
    </Filter>
    <Filter Include="PipeLine">
      <UniqueIdentifier>{01e2bb77-3e69-4660-ab85-fb8d4b454006}</UniqueIdentifier>
    </Filter>
    <Filter Include="Main">
      <UniqueIdentifier>{91c660f9-21d5-49f9-986a-b86822a6a254}</UniqueIdentifier>
    </Filter>
    <Filter Include="Shader">
      <UniqueIdentifier>{02647a2c-1ed1-4e12-9149-3a40e338394a}</UniqueIdentifier>
    </Filter>
    <Filter Include="Util">
      <UniqueIdentifier>{1af346ca-99e1-4db4-9bac-944b57446112}</UniqueIdentifier>
    </Filter>
    <Filter Include="Util\UnUsed">
      <UniqueIdentifier>{b40c2fd2-374a-468a-9e54-f5f5153f8876}</UniqueIdentifier>
    </Filter>
  </ItemGroup>
  <ItemGroup>
    <ClInclude Include="Renderer.h">
      <Filter>Renderer</Filter>
    </ClInclude>
    <ClInclude Include="JCB.h">
      <Filter>Main</Filter>
    </ClInclude>
    <ClInclude Include="pch.h">
      <Filter>Util</Filter>
    </ClInclude>
    <ClInclude Include="Structs.h">
      <Filter>Util</Filter>
    </ClInclude>
    <ClInclude Include="Types.h">
      <Filter>Util</Filter>
    </ClInclude>
    <ClInclude Include="Values.h">
      <Filter>Util</Filter>
    </ClInclude>
    <ClInclude Include="SimpleMath.h">
      <Filter>Util</Filter>
    </ClInclude>
    <ClInclude Include="framework.h">
      <Filter>Util\UnUsed</Filter>
    </ClInclude>
    <ClInclude Include="Resource.h">
      <Filter>Util\UnUsed</Filter>
    </ClInclude>
    <ClInclude Include="targetver.h">
      <Filter>Util\UnUsed</Filter>
    </ClInclude>
  </ItemGroup>
  <ItemGroup>
    <ClCompile Include="Renderer.cpp">
      <Filter>Renderer</Filter>
    </ClCompile>
    <ClCompile Include="JCB.cpp">
      <Filter>Main</Filter>
    </ClCompile>
    <ClCompile Include="pch.cpp">
      <Filter>Util</Filter>
    </ClCompile>
    <ClCompile Include="SimpleMath.cpp">
      <Filter>Util</Filter>
    </ClCompile>
  </ItemGroup>
  <ItemGroup>
    <ResourceCompile Include="JCB.rc">
      <Filter>리소스 파일</Filter>
    </ResourceCompile>
  </ItemGroup>
  <ItemGroup>
    <Image Include="small.ico">
      <Filter>리소스 파일</Filter>
    </Image>
    <Image Include="JCB.ico">
      <Filter>리소스 파일</Filter>
    </Image>
  </ItemGroup>
  <ItemGroup>
    <None Include="SimpleMath.inl">
      <Filter>Util</Filter>
    </None>
  </ItemGroup>
  <ItemGroup>
    <FxCompile Include="DefaultShader.hlsl">
      <Filter>Shader</Filter>
    </FxCompile>
  </ItemGroup>
</Project>